
Microsoft Visual Studio Solution File, Format Version 12.00
# Visual Studio Version 17
VisualStudioVersion = 17.8.34525.116
MinimumVisualStudioVersion = 10.0.40219.1
Project("{FAE04EC0-301F-11D3-BF4B-00C04F79EFBC}") = "lab6", "lab6.csproj", "{70BA27A5-E221-4028-B39D-DB015221110A}"
EndProject
Global
	GlobalSection(SolutionConfigurationPlatforms) = preSolution
		Debug|Any CPU = Debug|Any CPU
		Release|Any CPU = Release|Any CPU
	EndGlobalSection
	GlobalSection(ProjectConfigurationPlatforms) = postSolution
		{70BA27A5-E221-4028-B39D-DB015221110A}.Debug|Any CPU.ActiveCfg = Debug|Any CPU
		{70BA27A5-E221-4028-B39D-DB015221110A}.Debug|Any CPU.Build.0 = Debug|Any CPU
		{70BA27A5-E221-4028-B39D-DB015221110A}.Release|Any CPU.ActiveCfg = Release|Any CPU
		{70BA27A5-E221-4028-B39D-DB015221110A}.Release|Any CPU.Build.0 = Release|Any CPU
	EndGlobalSection
	GlobalSection(SolutionProperties) = preSolution
		HideSolutionNode = FALSE
	EndGlobalSection
	GlobalSection(ExtensibilityGlobals) = postSolution
		SolutionGuid = {1517C281-0A8C-40E1-8E90-6139ABF707D4}
	EndGlobalSection
EndGlobal
